<?xml version="1.0" encoding="UTF-8"?>
<Scheme
   LastUpgradeVersion = "0820"
   version = "1.3">
   <BuildAction
      parallelizeBuildables = "YES"
      buildImplicitDependencies = "YES">
      <BuildActionEntries>
         <BuildActionEntry
            buildForTesting = "YES"
            buildForRunning = "YES"
            buildForProfiling = "YES"
            buildForArchiving = "YES"
            buildForAnalyzing = "YES">
            <BuildableReference
               BuildableIdentifier = "primary"
               BlueprintIdentifier = "259B17002018B51E00A09176"
               BuildableName = "9466_&#x1110;&#x1165;&#x11b7; &#x1111;&#x1173;&#x1105;&#x1169;&#x110c;&#x1166;&#x11a8;&#x1110;&#x1173;"
               BlueprintName = "9466_&#x1110;&#x1165;&#x11b7; &#x1111;&#x1173;&#x1105;&#x1169;&#x110c;&#x1166;&#x11a8;&#x1110;&#x1173;"
               ReferencedContainer = "container:9466_&#x1110;&#x1165;&#x11b7; &#x1111;&#x1173;&#x1105;&#x1169;&#x110c;&#x1166;&#x11a8;&#x1110;&#x1173;.xcodeproj">
            </BuildableReference>
         </BuildActionEntry>
      </BuildActionEntries>
   </BuildAction>
   <TestAction
      buildConfiguration = "Debug"
      selectedDebuggerIdentifier = "Xcode.DebuggerFoundation.Debugger.LLDB"
      selectedLauncherIdentifier = "Xcode.DebuggerFoundation.Launcher.LLDB"
      shouldUseLaunchSchemeArgsEnv = "YES">
      <Testables>
      </Testables>
      <MacroExpansion>
         <BuildableReference
            BuildableIdentifier = "primary"
            BlueprintIdentifier = "259B17002018B51E00A09176"
            BuildableName = "9466_&#x1110;&#x1165;&#x11b7; &#x1111;&#x1173;&#x1105;&#x1169;&#x110c;&#x1166;&#x11a8;&#x1110;&#x1173;"
            BlueprintName = "9466_&#x1110;&#x1165;&#x11b7; &#x1111;&#x1173;&#x1105;&#x1169;&#x110c;&#x1166;&#x11a8;&#x1110;&#x1173;"
            ReferencedContainer = "container:9466_&#x1110;&#x1165;&#x11b7; &#x1111;&#x1173;&#x1105;&#x1169;&#x110c;&#x1166;&#x11a8;&#x1110;&#x1173;.xcodeproj">
         </BuildableReference>
      </MacroExpansion>
      <AdditionalOptions>
      </AdditionalOptions>
   </TestAction>
   <LaunchAction
      buildConfiguration = "Debug"
      selectedDebuggerIdentifier = "Xcode.DebuggerFoundation.Debugger.LLDB"
      selectedLauncherIdentifier = "Xcode.DebuggerFoundation.Launcher.LLDB"
      launchStyle = "0"
      useCustomWorkingDirectory = "YES"
      customWorkingDirectory = "/Users/JEONGMIN/Desktop/Coding/AlgorithmBaekjun/9466_&#x1110;&#x1165;&#x11b7; &#x1111;&#x1173;&#x1105;&#x1169;&#x110c;&#x1166;&#x11a8;&#x1110;&#x1173;/9466_&#x1110;&#x1165;&#x11b7; &#x1111;&#x1173;&#x1105;&#x1169;&#x110c;&#x1166;&#x11a8;&#x1110;&#x1173;"
      ignoresPersistentStateOnLaunch = "NO"
      debugDocumentVersioning = "YES"
      debugServiceExtension = "internal"
      allowLocationSimulation = "YES">
      <BuildableProductRunnable
         runnableDebuggingMode = "0">
         <BuildableReference
            BuildableIdentifier = "primary"
            BlueprintIdentifier = "259B17002018B51E00A09176"
            BuildableName = "9466_&#x1110;&#x1165;&#x11b7; &#x1111;&#x1173;&#x1105;&#x1169;&#x110c;&#x1166;&#x11a8;&#x1110;&#x1173;"
            BlueprintName = "9466_&#x1110;&#x1165;&#x11b7; &#x1111;&#x1173;&#x1105;&#x1169;&#x110c;&#x1166;&#x11a8;&#x1110;&#x1173;"
            ReferencedContainer = "container:9466_&#x1110;&#x1165;&#x11b7; &#x1111;&#x1173;&#x1105;&#x1169;&#x110c;&#x1166;&#x11a8;&#x1110;&#x1173;.xcodeproj">
         </BuildableReference>
      </BuildableProductRunnable>
      <AdditionalOptions>
      </AdditionalOptions>
   </LaunchAction>
   <ProfileAction
      buildConfiguration = "Release"
      shouldUseLaunchSchemeArgsEnv = "YES"
      savedToolIdentifier = ""
      useCustomWorkingDirectory = "NO"
      debugDocumentVersioning = "YES">
      <BuildableProductRunnable
         runnableDebuggingMode = "0">
         <BuildableReference
            BuildableIdentifier = "primary"
            BlueprintIdentifier = "259B17002018B51E00A09176"
            BuildableName = "9466_&#x1110;&#x1165;&#x11b7; &#x1111;&#x1173;&#x1105;&#x1169;&#x110c;&#x1166;&#x11a8;&#x1110;&#x1173;"
            BlueprintName = "9466_&#x1110;&#x1165;&#x11b7; &#x1111;&#x1173;&#x1105;&#x1169;&#x110c;&#x1166;&#x11a8;&#x1110;&#x1173;"
            ReferencedContainer = "container:9466_&#x1110;&#x1165;&#x11b7; &#x1111;&#x1173;&#x1105;&#x1169;&#x110c;&#x1166;&#x11a8;&#x1110;&#x1173;.xcodeproj">
         </BuildableReference>
      </BuildableProductRunnable>
   </ProfileAction>
   <AnalyzeAction
      buildConfiguration = "Debug">
   </AnalyzeAction>
   <ArchiveAction
      buildConfiguration = "Release"
      revealArchiveInOrganizer = "YES">
   </ArchiveAction>
</Scheme>
