<?xml version="1.0" encoding="UTF-8"?>
<Scheme
   LastUpgradeVersion = "0820"
   version = "1.3">
   <BuildAction
      parallelizeBuildables = "YES"
      buildImplicitDependencies = "YES">
      <BuildActionEntries>
         <BuildActionEntry
            buildForTesting = "YES"
            buildForRunning = "YES"
            buildForProfiling = "YES"
            buildForArchiving = "YES"
            buildForAnalyzing = "YES">
            <BuildableReference
               BuildableIdentifier = "primary"
               BlueprintIdentifier = "25C690BF1F9B231A002DBE93"
               BuildableName = "2477_&#x110e;&#x1161;&#x1105;&#x1163;&#x11bc; &#x110c;&#x1165;&#x11bc;&#x1107;&#x1175;&#x1109;&#x1169;_&#x1109;&#x1161;&#x11b7;&#x1109;&#x1165;&#x11bc;SW"
               BlueprintName = "2477_&#x110e;&#x1161;&#x1105;&#x1163;&#x11bc; &#x110c;&#x1165;&#x11bc;&#x1107;&#x1175;&#x1109;&#x1169;_&#x1109;&#x1161;&#x11b7;&#x1109;&#x1165;&#x11bc;SW"
               ReferencedContainer = "container:2477_&#x110e;&#x1161;&#x1105;&#x1163;&#x11bc; &#x110c;&#x1165;&#x11bc;&#x1107;&#x1175;&#x1109;&#x1169;_&#x1109;&#x1161;&#x11b7;&#x1109;&#x1165;&#x11bc;SW.xcodeproj">
            </BuildableReference>
         </BuildActionEntry>
      </BuildActionEntries>
   </BuildAction>
   <TestAction
      buildConfiguration = "Debug"
      selectedDebuggerIdentifier = "Xcode.DebuggerFoundation.Debugger.LLDB"
      selectedLauncherIdentifier = "Xcode.DebuggerFoundation.Launcher.LLDB"
      shouldUseLaunchSchemeArgsEnv = "YES">
      <Testables>
      </Testables>
      <MacroExpansion>
         <BuildableReference
            BuildableIdentifier = "primary"
            BlueprintIdentifier = "25C690BF1F9B231A002DBE93"
            BuildableName = "2477_&#x110e;&#x1161;&#x1105;&#x1163;&#x11bc; &#x110c;&#x1165;&#x11bc;&#x1107;&#x1175;&#x1109;&#x1169;_&#x1109;&#x1161;&#x11b7;&#x1109;&#x1165;&#x11bc;SW"
            BlueprintName = "2477_&#x110e;&#x1161;&#x1105;&#x1163;&#x11bc; &#x110c;&#x1165;&#x11bc;&#x1107;&#x1175;&#x1109;&#x1169;_&#x1109;&#x1161;&#x11b7;&#x1109;&#x1165;&#x11bc;SW"
            ReferencedContainer = "container:2477_&#x110e;&#x1161;&#x1105;&#x1163;&#x11bc; &#x110c;&#x1165;&#x11bc;&#x1107;&#x1175;&#x1109;&#x1169;_&#x1109;&#x1161;&#x11b7;&#x1109;&#x1165;&#x11bc;SW.xcodeproj">
         </BuildableReference>
      </MacroExpansion>
      <AdditionalOptions>
      </AdditionalOptions>
   </TestAction>
   <LaunchAction
      buildConfiguration = "Debug"
      selectedDebuggerIdentifier = "Xcode.DebuggerFoundation.Debugger.LLDB"
      selectedLauncherIdentifier = "Xcode.DebuggerFoundation.Launcher.LLDB"
      launchStyle = "0"
      useCustomWorkingDirectory = "NO"
      ignoresPersistentStateOnLaunch = "NO"
      debugDocumentVersioning = "YES"
      debugServiceExtension = "internal"
      allowLocationSimulation = "YES">
      <BuildableProductRunnable
         runnableDebuggingMode = "0">
         <BuildableReference
            BuildableIdentifier = "primary"
            BlueprintIdentifier = "25C690BF1F9B231A002DBE93"
            BuildableName = "2477_&#x110e;&#x1161;&#x1105;&#x1163;&#x11bc; &#x110c;&#x1165;&#x11bc;&#x1107;&#x1175;&#x1109;&#x1169;_&#x1109;&#x1161;&#x11b7;&#x1109;&#x1165;&#x11bc;SW"
            BlueprintName = "2477_&#x110e;&#x1161;&#x1105;&#x1163;&#x11bc; &#x110c;&#x1165;&#x11bc;&#x1107;&#x1175;&#x1109;&#x1169;_&#x1109;&#x1161;&#x11b7;&#x1109;&#x1165;&#x11bc;SW"
            ReferencedContainer = "container:2477_&#x110e;&#x1161;&#x1105;&#x1163;&#x11bc; &#x110c;&#x1165;&#x11bc;&#x1107;&#x1175;&#x1109;&#x1169;_&#x1109;&#x1161;&#x11b7;&#x1109;&#x1165;&#x11bc;SW.xcodeproj">
         </BuildableReference>
      </BuildableProductRunnable>
      <AdditionalOptions>
      </AdditionalOptions>
   </LaunchAction>
   <ProfileAction
      buildConfiguration = "Release"
      shouldUseLaunchSchemeArgsEnv = "YES"
      savedToolIdentifier = ""
      useCustomWorkingDirectory = "NO"
      debugDocumentVersioning = "YES">
      <BuildableProductRunnable
         runnableDebuggingMode = "0">
         <BuildableReference
            BuildableIdentifier = "primary"
            BlueprintIdentifier = "25C690BF1F9B231A002DBE93"
            BuildableName = "2477_&#x110e;&#x1161;&#x1105;&#x1163;&#x11bc; &#x110c;&#x1165;&#x11bc;&#x1107;&#x1175;&#x1109;&#x1169;_&#x1109;&#x1161;&#x11b7;&#x1109;&#x1165;&#x11bc;SW"
            BlueprintName = "2477_&#x110e;&#x1161;&#x1105;&#x1163;&#x11bc; &#x110c;&#x1165;&#x11bc;&#x1107;&#x1175;&#x1109;&#x1169;_&#x1109;&#x1161;&#x11b7;&#x1109;&#x1165;&#x11bc;SW"
            ReferencedContainer = "container:2477_&#x110e;&#x1161;&#x1105;&#x1163;&#x11bc; &#x110c;&#x1165;&#x11bc;&#x1107;&#x1175;&#x1109;&#x1169;_&#x1109;&#x1161;&#x11b7;&#x1109;&#x1165;&#x11bc;SW.xcodeproj">
         </BuildableReference>
      </BuildableProductRunnable>
   </ProfileAction>
   <AnalyzeAction
      buildConfiguration = "Debug">
   </AnalyzeAction>
   <ArchiveAction
      buildConfiguration = "Release"
      revealArchiveInOrganizer = "YES">
   </ArchiveAction>
</Scheme>
